// !$*UTF8*$!
{
	archiveVersion = 1;
	classes = {
	};
	objectVersion = 56;
	objects = {

/* Begin PBXBuildFile section */
		39BF6F82960E3C9BE365E7FB /* Pods_Reciplease.framework in Frameworks */ = {isa = PBXBuildFile; fileRef = 6DF7A2DE6E8549624CE7110E /* Pods_Reciplease.framework */; };
		540412B52941F985005AAB55 /* RecipeTableViewXibCell.swift in Sources */ = {isa = PBXBuildFile; fileRef = 540412B32941F985005AAB55 /* RecipeTableViewXibCell.swift */; };
		540412B62941F985005AAB55 /* RecipeTableViewXibCell.xib in Resources */ = {isa = PBXBuildFile; fileRef = 540412B42941F985005AAB55 /* RecipeTableViewXibCell.xib */; };
		540412BE2942345F005AAB55 /* UpdateDelegate.swift in Sources */ = {isa = PBXBuildFile; fileRef = 540412BD2942345F005AAB55 /* UpdateDelegate.swift */; };
		54A941EC2940C93500D445CB /* IngredientList.swift in Sources */ = {isa = PBXBuildFile; fileRef = 54A941EB2940C93500D445CB /* IngredientList.swift */; };
		54A941F02940D20700D445CB /* IngredientTableViewCell.swift in Sources */ = {isa = PBXBuildFile; fileRef = 54A941EF2940D20700D445CB /* IngredientTableViewCell.swift */; };
		54AF32CB293E02E4000FD4AE /* RecipeService.swift in Sources */ = {isa = PBXBuildFile; fileRef = 54AF32CA293E02E4000FD4AE /* RecipeService.swift */; };
		54AF32CD293E03FE000FD4AE /* RecipeItem.swift in Sources */ = {isa = PBXBuildFile; fileRef = 54AF32CC293E03FE000FD4AE /* RecipeItem.swift */; };
		54AF32D0293E08A3000FD4AE /* NetworkError.swift in Sources */ = {isa = PBXBuildFile; fileRef = 54AF32CF293E08A3000FD4AE /* NetworkError.swift */; };
		54AF32D2293E0E95000FD4AE /* RecipeMapper.swift in Sources */ = {isa = PBXBuildFile; fileRef = 54AF32D1293E0E95000FD4AE /* RecipeMapper.swift */; };
		54AF32D4293E11A9000FD4AE /* RecipeEndpoint.swift in Sources */ = {isa = PBXBuildFile; fileRef = 54AF32D3293E11A9000FD4AE /* RecipeEndpoint.swift */; };
		54AF32D6293E4D5E000FD4AE /* UIViewController+Alert.swift in Sources */ = {isa = PBXBuildFile; fileRef = 54AF32D5293E4D5E000FD4AE /* UIViewController+Alert.swift */; };
		54B0BC3E2937666900541ED2 /* Reciplease.xcdatamodeld in Sources */ = {isa = PBXBuildFile; fileRef = 54B0BC3C2937666900541ED2 /* Reciplease.xcdatamodeld */; };
		54BDE1A7292ADA9A0014F7F2 /* AppDelegate.swift in Sources */ = {isa = PBXBuildFile; fileRef = 54BDE1A6292ADA9A0014F7F2 /* AppDelegate.swift */; };
		54BDE1A9292ADA9A0014F7F2 /* SceneDelegate.swift in Sources */ = {isa = PBXBuildFile; fileRef = 54BDE1A8292ADA9A0014F7F2 /* SceneDelegate.swift */; };
		54BDE1AE292ADA9A0014F7F2 /* Main.storyboard in Resources */ = {isa = PBXBuildFile; fileRef = 54BDE1AC292ADA9A0014F7F2 /* Main.storyboard */; };
		54BDE1B3292ADA9B0014F7F2 /* Assets.xcassets in Resources */ = {isa = PBXBuildFile; fileRef = 54BDE1B2292ADA9B0014F7F2 /* Assets.xcassets */; };
		54BDE1B6292ADA9B0014F7F2 /* LaunchScreen.storyboard in Resources */ = {isa = PBXBuildFile; fileRef = 54BDE1B4292ADA9B0014F7F2 /* LaunchScreen.storyboard */; };
		54BDE1C3292ADDE10014F7F2 /* SearchController.swift in Sources */ = {isa = PBXBuildFile; fileRef = 54BDE1C2292ADDE10014F7F2 /* SearchController.swift */; };
		54BDE1C6292ADF9A0014F7F2 /* APIConfig.swift in Sources */ = {isa = PBXBuildFile; fileRef = 54BDE1C5292ADF9A0014F7F2 /* APIConfig.swift */; };
		56AC26DA29420AB6008259F7 /* HTTPClient.swift in Sources */ = {isa = PBXBuildFile; fileRef = 56AC26D929420AB6008259F7 /* HTTPClient.swift */; };
/* End PBXBuildFile section */

/* Begin PBXFileReference section */
		540412B32941F985005AAB55 /* RecipeTableViewXibCell.swift */ = {isa = PBXFileReference; lastKnownFileType = sourcecode.swift; path = RecipeTableViewXibCell.swift; sourceTree = "<group>"; };
		540412B42941F985005AAB55 /* RecipeTableViewXibCell.xib */ = {isa = PBXFileReference; lastKnownFileType = file.xib; path = RecipeTableViewXibCell.xib; sourceTree = "<group>"; };
		540412BB294231C7005AAB55 /* RecipeController.swift */ = {isa = PBXFileReference; lastKnownFileType = sourcecode.swift; path = RecipeController.swift; sourceTree = "<group>"; };
		540412BD2942345F005AAB55 /* UpdateDelegate.swift */ = {isa = PBXFileReference; lastKnownFileType = sourcecode.swift; path = UpdateDelegate.swift; sourceTree = "<group>"; };
		54A941EB2940C93500D445CB /* IngredientList.swift */ = {isa = PBXFileReference; lastKnownFileType = sourcecode.swift; path = IngredientList.swift; sourceTree = "<group>"; };
		54A941EF2940D20700D445CB /* IngredientTableViewCell.swift */ = {isa = PBXFileReference; lastKnownFileType = sourcecode.swift; path = IngredientTableViewCell.swift; sourceTree = "<group>"; };
		54AF32CA293E02E4000FD4AE /* RecipeService.swift */ = {isa = PBXFileReference; lastKnownFileType = sourcecode.swift; path = RecipeService.swift; sourceTree = "<group>"; };
		54AF32CC293E03FE000FD4AE /* RecipeItem.swift */ = {isa = PBXFileReference; lastKnownFileType = sourcecode.swift; path = RecipeItem.swift; sourceTree = "<group>"; };
		54AF32CF293E08A3000FD4AE /* NetworkError.swift */ = {isa = PBXFileReference; lastKnownFileType = sourcecode.swift; path = NetworkError.swift; sourceTree = "<group>"; };
		54AF32D1293E0E95000FD4AE /* RecipeMapper.swift */ = {isa = PBXFileReference; lastKnownFileType = sourcecode.swift; path = RecipeMapper.swift; sourceTree = "<group>"; };
		54AF32D3293E11A9000FD4AE /* RecipeEndpoint.swift */ = {isa = PBXFileReference; lastKnownFileType = sourcecode.swift; path = RecipeEndpoint.swift; sourceTree = "<group>"; };
		54AF32D5293E4D5E000FD4AE /* UIViewController+Alert.swift */ = {isa = PBXFileReference; lastKnownFileType = sourcecode.swift; path = "UIViewController+Alert.swift"; sourceTree = "<group>"; };
		54B0BC3D2937666900541ED2 /* Reciplease.xcdatamodel */ = {isa = PBXFileReference; lastKnownFileType = wrapper.xcdatamodel; path = Reciplease.xcdatamodel; sourceTree = "<group>"; };
		54BDE1A3292ADA9A0014F7F2 /* Reciplease.app */ = {isa = PBXFileReference; explicitFileType = wrapper.application; includeInIndex = 0; path = Reciplease.app; sourceTree = BUILT_PRODUCTS_DIR; };
		54BDE1A6292ADA9A0014F7F2 /* AppDelegate.swift */ = {isa = PBXFileReference; lastKnownFileType = sourcecode.swift; path = AppDelegate.swift; sourceTree = "<group>"; };
		54BDE1A8292ADA9A0014F7F2 /* SceneDelegate.swift */ = {isa = PBXFileReference; lastKnownFileType = sourcecode.swift; path = SceneDelegate.swift; sourceTree = "<group>"; };
		54BDE1AD292ADA9A0014F7F2 /* Base */ = {isa = PBXFileReference; lastKnownFileType = file.storyboard; name = Base; path = Base.lproj/Main.storyboard; sourceTree = "<group>"; };
		54BDE1B2292ADA9B0014F7F2 /* Assets.xcassets */ = {isa = PBXFileReference; lastKnownFileType = folder.assetcatalog; path = Assets.xcassets; sourceTree = "<group>"; };
		54BDE1B5292ADA9B0014F7F2 /* Base */ = {isa = PBXFileReference; lastKnownFileType = file.storyboard; name = Base; path = Base.lproj/LaunchScreen.storyboard; sourceTree = "<group>"; };
		54BDE1B7292ADA9B0014F7F2 /* Info.plist */ = {isa = PBXFileReference; lastKnownFileType = text.plist.xml; path = Info.plist; sourceTree = "<group>"; };
		54BDE1C2292ADDE10014F7F2 /* SearchController.swift */ = {isa = PBXFileReference; lastKnownFileType = sourcecode.swift; path = SearchController.swift; sourceTree = "<group>"; };
		54BDE1C5292ADF9A0014F7F2 /* APIConfig.swift */ = {isa = PBXFileReference; lastKnownFileType = sourcecode.swift; path = APIConfig.swift; sourceTree = "<group>"; };
		56AC26D929420AB6008259F7 /* HTTPClient.swift */ = {isa = PBXFileReference; lastKnownFileType = sourcecode.swift; path = HTTPClient.swift; sourceTree = "<group>"; };
		6DF7A2DE6E8549624CE7110E /* Pods_Reciplease.framework */ = {isa = PBXFileReference; explicitFileType = wrapper.framework; includeInIndex = 0; path = Pods_Reciplease.framework; sourceTree = BUILT_PRODUCTS_DIR; };
		8D93E6F8F6412FC4553E5105 /* Pods-Reciplease.release.xcconfig */ = {isa = PBXFileReference; includeInIndex = 1; lastKnownFileType = text.xcconfig; name = "Pods-Reciplease.release.xcconfig"; path = "Target Support Files/Pods-Reciplease/Pods-Reciplease.release.xcconfig"; sourceTree = "<group>"; };
		A843E88D9EDAB4445AFE7D08 /* Pods-Reciplease.debug.xcconfig */ = {isa = PBXFileReference; includeInIndex = 1; lastKnownFileType = text.xcconfig; name = "Pods-Reciplease.debug.xcconfig"; path = "Target Support Files/Pods-Reciplease/Pods-Reciplease.debug.xcconfig"; sourceTree = "<group>"; };
/* End PBXFileReference section */

/* Begin PBXFrameworksBuildPhase section */
		54BDE1A0292ADA9A0014F7F2 /* Frameworks */ = {
			isa = PBXFrameworksBuildPhase;
			buildActionMask = 2147483647;
			files = (
				39BF6F82960E3C9BE365E7FB /* Pods_Reciplease.framework in Frameworks */,
			);
			runOnlyForDeploymentPostprocessing = 0;
		};
/* End PBXFrameworksBuildPhase section */

/* Begin PBXGroup section */
		5401A52D2934F9A600581AD5 /* Model */ = {
			isa = PBXGroup;
			children = (
				54A941F52940D78000D445CB /* NetworkError */,
				54A941F42940D77800D445CB /* IngredientList */,
				54AF32CE293E04AB000FD4AE /* Recipe */,
				54BDE1BF292ADAD30014F7F2 /* CoreData */,
			);
			path = Model;
			sourceTree = "<group>";
		};
		540412B72941F98C005AAB55 /* RecipeXibCell */ = {
			isa = PBXGroup;
			children = (
				540412B32941F985005AAB55 /* RecipeTableViewXibCell.swift */,
				540412B42941F985005AAB55 /* RecipeTableViewXibCell.xib */,
			);
			path = RecipeXibCell;
			sourceTree = "<group>";
		};
		540412BA294231C7005AAB55 /* RecipeController */ = {
			isa = PBXGroup;
			children = (
				540412BB294231C7005AAB55 /* RecipeController.swift */,
			);
			path = RecipeController;
			sourceTree = "<group>";
		};
		54A941F12940D21400D445CB /* IngredientCell */ = {
			isa = PBXGroup;
			children = (
				54A941EF2940D20700D445CB /* IngredientTableViewCell.swift */,
			);
			path = IngredientCell;
			sourceTree = "<group>";
		};
		54A941F42940D77800D445CB /* IngredientList */ = {
			isa = PBXGroup;
			children = (
				54A941EB2940C93500D445CB /* IngredientList.swift */,
				540412BD2942345F005AAB55 /* UpdateDelegate.swift */,
			);
			name = IngredientList;
			sourceTree = "<group>";
		};
		54A941F52940D78000D445CB /* NetworkError */ = {
			isa = PBXGroup;
			children = (
				54AF32CF293E08A3000FD4AE /* NetworkError.swift */,
			);
			name = NetworkError;
			sourceTree = "<group>";
		};
		54AF32CE293E04AB000FD4AE /* Recipe */ = {
			isa = PBXGroup;
			children = (
				56AC26D929420AB6008259F7 /* HTTPClient.swift */,
				54AF32CA293E02E4000FD4AE /* RecipeService.swift */,
				54AF32CC293E03FE000FD4AE /* RecipeItem.swift */,
				54AF32D1293E0E95000FD4AE /* RecipeMapper.swift */,
				54AF32D3293E11A9000FD4AE /* RecipeEndpoint.swift */,
			);
			path = Recipe;
			sourceTree = "<group>";
		};
		54AF32D7293E4D65000FD4AE /* SearchController */ = {
			isa = PBXGroup;
			children = (
				54BDE1C2292ADDE10014F7F2 /* SearchController.swift */,
			);
			path = SearchController;
			sourceTree = "<group>";
		};
		54BDE19A292ADA9A0014F7F2 = {
			isa = PBXGroup;
			children = (
				54BDE1A5292ADA9A0014F7F2 /* Reciplease */,
				54BDE1A4292ADA9A0014F7F2 /* Products */,
				E784210A3EB6B5827B314F03 /* Pods */,
				8E33D9CF081F7D3B87036580 /* Frameworks */,
			);
			sourceTree = "<group>";
		};
		54BDE1A4292ADA9A0014F7F2 /* Products */ = {
			isa = PBXGroup;
			children = (
				54BDE1A3292ADA9A0014F7F2 /* Reciplease.app */,
			);
			name = Products;
			sourceTree = "<group>";
		};
		54BDE1A5292ADA9A0014F7F2 /* Reciplease */ = {
			isa = PBXGroup;
			children = (
				54BDE1B7292ADA9B0014F7F2 /* Info.plist */,
				54BDE1BE292ADAC60014F7F2 /* Supporting Files */,
				5401A52D2934F9A600581AD5 /* Model */,
				54BDE1C4292ADDF30014F7F2 /* Controller */,
				54BDE1BD292ADAB60014F7F2 /* View */,
			);
			path = Reciplease;
			sourceTree = "<group>";
		};
		54BDE1BD292ADAB60014F7F2 /* View */ = {
			isa = PBXGroup;
			children = (
				54BDE1AC292ADA9A0014F7F2 /* Main.storyboard */,
				54BDE1B4292ADA9B0014F7F2 /* LaunchScreen.storyboard */,
			);
			path = View;
			sourceTree = "<group>";
		};
		54BDE1BE292ADAC60014F7F2 /* Supporting Files */ = {
			isa = PBXGroup;
			children = (
				54BDE1C5292ADF9A0014F7F2 /* APIConfig.swift */,
				54BDE1A6292ADA9A0014F7F2 /* AppDelegate.swift */,
				54BDE1A8292ADA9A0014F7F2 /* SceneDelegate.swift */,
				54BDE1B2292ADA9B0014F7F2 /* Assets.xcassets */,
			);
			path = "Supporting Files";
			sourceTree = "<group>";
		};
		54BDE1BF292ADAD30014F7F2 /* CoreData */ = {
			isa = PBXGroup;
			children = (
				54B0BC3C2937666900541ED2 /* Reciplease.xcdatamodeld */,
			);
			path = CoreData;
			sourceTree = "<group>";
		};
		54BDE1C4292ADDF30014F7F2 /* Controller */ = {
			isa = PBXGroup;
			children = (
				54AF32D5293E4D5E000FD4AE /* UIViewController+Alert.swift */,
				54AF32D7293E4D65000FD4AE /* SearchController */,
				54A941F12940D21400D445CB /* IngredientCell */,
				540412BA294231C7005AAB55 /* RecipeController */,
				540412B72941F98C005AAB55 /* RecipeXibCell */,
			);
			path = Controller;
			sourceTree = "<group>";
		};
		8E33D9CF081F7D3B87036580 /* Frameworks */ = {
			isa = PBXGroup;
			children = (
				6DF7A2DE6E8549624CE7110E /* Pods_Reciplease.framework */,
			);
			name = Frameworks;
			sourceTree = "<group>";
		};
		E784210A3EB6B5827B314F03 /* Pods */ = {
			isa = PBXGroup;
			children = (
				A843E88D9EDAB4445AFE7D08 /* Pods-Reciplease.debug.xcconfig */,
				8D93E6F8F6412FC4553E5105 /* Pods-Reciplease.release.xcconfig */,
			);
			path = Pods;
			sourceTree = "<group>";
		};
/* End PBXGroup section */

/* Begin PBXNativeTarget section */
		54BDE1A2292ADA9A0014F7F2 /* Reciplease */ = {
			isa = PBXNativeTarget;
			buildConfigurationList = 54BDE1BA292ADA9B0014F7F2 /* Build configuration list for PBXNativeTarget "Reciplease" */;
			buildPhases = (
				C9778183E2E97491F33B5A66 /* [CP] Check Pods Manifest.lock */,
				54BDE19F292ADA9A0014F7F2 /* Sources */,
				54BDE1A0292ADA9A0014F7F2 /* Frameworks */,
				54BDE1A1292ADA9A0014F7F2 /* Resources */,
				4EFC106B0DAD730D55D77855 /* [CP] Embed Pods Frameworks */,
			);
			buildRules = (
			);
			dependencies = (
			);
			name = Reciplease;
			productName = Reciplease;
			productReference = 54BDE1A3292ADA9A0014F7F2 /* Reciplease.app */;
			productType = "com.apple.product-type.application";
		};
/* End PBXNativeTarget section */

/* Begin PBXProject section */
		54BDE19B292ADA9A0014F7F2 /* Project object */ = {
			isa = PBXProject;
			attributes = {
				BuildIndependentTargetsInParallel = 1;
				LastSwiftUpdateCheck = 1410;
				LastUpgradeCheck = 1410;
				TargetAttributes = {
					54BDE1A2292ADA9A0014F7F2 = {
						CreatedOnToolsVersion = 14.1;
					};
				};
			};
			buildConfigurationList = 54BDE19E292ADA9A0014F7F2 /* Build configuration list for PBXProject "Reciplease" */;
			compatibilityVersion = "Xcode 14.0";
			developmentRegion = en;
			hasScannedForEncodings = 0;
			knownRegions = (
				en,
				Base,
			);
			mainGroup = 54BDE19A292ADA9A0014F7F2;
			productRefGroup = 54BDE1A4292ADA9A0014F7F2 /* Products */;
			projectDirPath = "";
			projectRoot = "";
			targets = (
				54BDE1A2292ADA9A0014F7F2 /* Reciplease */,
			);
		};
/* End PBXProject section */

/* Begin PBXResourcesBuildPhase section */
		54BDE1A1292ADA9A0014F7F2 /* Resources */ = {
			isa = PBXResourcesBuildPhase;
			buildActionMask = 2147483647;
			files = (
				54BDE1B6292ADA9B0014F7F2 /* LaunchScreen.storyboard in Resources */,
				540412B62941F985005AAB55 /* RecipeTableViewXibCell.xib in Resources */,
				54BDE1B3292ADA9B0014F7F2 /* Assets.xcassets in Resources */,
				54BDE1AE292ADA9A0014F7F2 /* Main.storyboard in Resources */,
			);
			runOnlyForDeploymentPostprocessing = 0;
		};
/* End PBXResourcesBuildPhase section */

/* Begin PBXShellScriptBuildPhase section */
		4EFC106B0DAD730D55D77855 /* [CP] Embed Pods Frameworks */ = {
			isa = PBXShellScriptBuildPhase;
			buildActionMask = 2147483647;
			files = (
			);
			inputFileListPaths = (
				"${PODS_ROOT}/Target Support Files/Pods-Reciplease/Pods-Reciplease-frameworks-${CONFIGURATION}-input-files.xcfilelist",
			);
			name = "[CP] Embed Pods Frameworks";
			outputFileListPaths = (
				"${PODS_ROOT}/Target Support Files/Pods-Reciplease/Pods-Reciplease-frameworks-${CONFIGURATION}-output-files.xcfilelist",
			);
			runOnlyForDeploymentPostprocessing = 0;
			shellPath = /bin/sh;
			shellScript = "\"${PODS_ROOT}/Target Support Files/Pods-Reciplease/Pods-Reciplease-frameworks.sh\"\n";
			showEnvVarsInLog = 0;
		};
		C9778183E2E97491F33B5A66 /* [CP] Check Pods Manifest.lock */ = {
			isa = PBXShellScriptBuildPhase;
			buildActionMask = 2147483647;
			files = (
			);
			inputFileListPaths = (
			);
			inputPaths = (
				"${PODS_PODFILE_DIR_PATH}/Podfile.lock",
				"${PODS_ROOT}/Manifest.lock",
			);
			name = "[CP] Check Pods Manifest.lock";
			outputFileListPaths = (
			);
			outputPaths = (
				"$(DERIVED_FILE_DIR)/Pods-Reciplease-checkManifestLockResult.txt",
			);
			runOnlyForDeploymentPostprocessing = 0;
			shellPath = /bin/sh;
			shellScript = "diff \"${PODS_PODFILE_DIR_PATH}/Podfile.lock\" \"${PODS_ROOT}/Manifest.lock\" > /dev/null\nif [ $? != 0 ] ; then\n    # print error to STDERR\n    echo \"error: The sandbox is not in sync with the Podfile.lock. Run 'pod install' or update your CocoaPods installation.\" >&2\n    exit 1\nfi\n# This output is used by Xcode 'outputs' to avoid re-running this script phase.\necho \"SUCCESS\" > \"${SCRIPT_OUTPUT_FILE_0}\"\n";
			showEnvVarsInLog = 0;
		};
/* End PBXShellScriptBuildPhase section */

/* Begin PBXSourcesBuildPhase section */
		54BDE19F292ADA9A0014F7F2 /* Sources */ = {
			isa = PBXSourcesBuildPhase;
			buildActionMask = 2147483647;
			files = (
				54AF32D4293E11A9000FD4AE /* RecipeEndpoint.swift in Sources */,
				54AF32CB293E02E4000FD4AE /* RecipeService.swift in Sources */,
				54AF32D0293E08A3000FD4AE /* NetworkError.swift in Sources */,
				54BDE1A7292ADA9A0014F7F2 /* AppDelegate.swift in Sources */,
				54AF32D6293E4D5E000FD4AE /* UIViewController+Alert.swift in Sources */,
				54BDE1C3292ADDE10014F7F2 /* SearchController.swift in Sources */,
				54A941F02940D20700D445CB /* IngredientTableViewCell.swift in Sources */,
				54B0BC3E2937666900541ED2 /* Reciplease.xcdatamodeld in Sources */,
				54BDE1A9292ADA9A0014F7F2 /* SceneDelegate.swift in Sources */,
				54A941EC2940C93500D445CB /* IngredientList.swift in Sources */,
				54AF32D2293E0E95000FD4AE /* RecipeMapper.swift in Sources */,
				56AC26DA29420AB6008259F7 /* HTTPClient.swift in Sources */,
				540412B52941F985005AAB55 /* RecipeTableViewXibCell.swift in Sources */,
				540412BE2942345F005AAB55 /* UpdateDelegate.swift in Sources */,
				54AF32CD293E03FE000FD4AE /* RecipeItem.swift in Sources */,
				54BDE1C6292ADF9A0014F7F2 /* APIConfig.swift in Sources */,
			);
			runOnlyForDeploymentPostprocessing = 0;
		};
/* End PBXSourcesBuildPhase section */

/* Begin PBXVariantGroup section */
		54BDE1AC292ADA9A0014F7F2 /* Main.storyboard */ = {
			isa = PBXVariantGroup;
			children = (
				54BDE1AD292ADA9A0014F7F2 /* Base */,
			);
			name = Main.storyboard;
			sourceTree = "<group>";
		};
		54BDE1B4292ADA9B0014F7F2 /* LaunchScreen.storyboard */ = {
			isa = PBXVariantGroup;
			children = (
				54BDE1B5292ADA9B0014F7F2 /* Base */,
			);
			name = LaunchScreen.storyboard;
			sourceTree = "<group>";
		};
/* End PBXVariantGroup section */

/* Begin XCBuildConfiguration section */
		54BDE1B8292ADA9B0014F7F2 /* Debug */ = {
			isa = XCBuildConfiguration;
			buildSettings = {
				ALWAYS_SEARCH_USER_PATHS = NO;
				CLANG_ANALYZER_NONNULL = YES;
				CLANG_ANALYZER_NUMBER_OBJECT_CONVERSION = YES_AGGRESSIVE;
				CLANG_CXX_LANGUAGE_STANDARD = "gnu++20";
				CLANG_ENABLE_MODULES = YES;
				CLANG_ENABLE_OBJC_ARC = YES;
				CLANG_ENABLE_OBJC_WEAK = YES;
				CLANG_WARN_BLOCK_CAPTURE_AUTORELEASING = YES;
				CLANG_WARN_BOOL_CONVERSION = YES;
				CLANG_WARN_COMMA = YES;
				CLANG_WARN_CONSTANT_CONVERSION = YES;
				CLANG_WARN_DEPRECATED_OBJC_IMPLEMENTATIONS = YES;
				CLANG_WARN_DIRECT_OBJC_ISA_USAGE = YES_ERROR;
				CLANG_WARN_DOCUMENTATION_COMMENTS = YES;
				CLANG_WARN_EMPTY_BODY = YES;
				CLANG_WARN_ENUM_CONVERSION = YES;
				CLANG_WARN_INFINITE_RECURSION = YES;
				CLANG_WARN_INT_CONVERSION = YES;
				CLANG_WARN_NON_LITERAL_NULL_CONVERSION = YES;
				CLANG_WARN_OBJC_IMPLICIT_RETAIN_SELF = YES;
				CLANG_WARN_OBJC_LITERAL_CONVERSION = YES;
				CLANG_WARN_OBJC_ROOT_CLASS = YES_ERROR;
				CLANG_WARN_QUOTED_INCLUDE_IN_FRAMEWORK_HEADER = YES;
				CLANG_WARN_RANGE_LOOP_ANALYSIS = YES;
				CLANG_WARN_STRICT_PROTOTYPES = YES;
				CLANG_WARN_SUSPICIOUS_MOVE = YES;
				CLANG_WARN_UNGUARDED_AVAILABILITY = YES_AGGRESSIVE;
				CLANG_WARN_UNREACHABLE_CODE = YES;
				CLANG_WARN__DUPLICATE_METHOD_MATCH = YES;
				COPY_PHASE_STRIP = NO;
				DEBUG_INFORMATION_FORMAT = dwarf;
				ENABLE_STRICT_OBJC_MSGSEND = YES;
				ENABLE_TESTABILITY = YES;
				GCC_C_LANGUAGE_STANDARD = gnu11;
				GCC_DYNAMIC_NO_PIC = NO;
				GCC_NO_COMMON_BLOCKS = YES;
				GCC_OPTIMIZATION_LEVEL = 0;
				GCC_PREPROCESSOR_DEFINITIONS = (
					"DEBUG=1",
					"$(inherited)",
				);
				GCC_WARN_64_TO_32_BIT_CONVERSION = YES;
				GCC_WARN_ABOUT_RETURN_TYPE = YES_ERROR;
				GCC_WARN_UNDECLARED_SELECTOR = YES;
				GCC_WARN_UNINITIALIZED_AUTOS = YES_AGGRESSIVE;
				GCC_WARN_UNUSED_FUNCTION = YES;
				GCC_WARN_UNUSED_VARIABLE = YES;
				IPHONEOS_DEPLOYMENT_TARGET = 16.1;
				MTL_ENABLE_DEBUG_INFO = INCLUDE_SOURCE;
				MTL_FAST_MATH = YES;
				ONLY_ACTIVE_ARCH = YES;
				SDKROOT = iphoneos;
				SWIFT_ACTIVE_COMPILATION_CONDITIONS = DEBUG;
				SWIFT_OPTIMIZATION_LEVEL = "-Onone";
			};
			name = Debug;
		};
		54BDE1B9292ADA9B0014F7F2 /* Release */ = {
			isa = XCBuildConfiguration;
			buildSettings = {
				ALWAYS_SEARCH_USER_PATHS = NO;
				CLANG_ANALYZER_NONNULL = YES;
				CLANG_ANALYZER_NUMBER_OBJECT_CONVERSION = YES_AGGRESSIVE;
				CLANG_CXX_LANGUAGE_STANDARD = "gnu++20";
				CLANG_ENABLE_MODULES = YES;
				CLANG_ENABLE_OBJC_ARC = YES;
				CLANG_ENABLE_OBJC_WEAK = YES;
				CLANG_WARN_BLOCK_CAPTURE_AUTORELEASING = YES;
				CLANG_WARN_BOOL_CONVERSION = YES;
				CLANG_WARN_COMMA = YES;
				CLANG_WARN_CONSTANT_CONVERSION = YES;
				CLANG_WARN_DEPRECATED_OBJC_IMPLEMENTATIONS = YES;
				CLANG_WARN_DIRECT_OBJC_ISA_USAGE = YES_ERROR;
				CLANG_WARN_DOCUMENTATION_COMMENTS = YES;
				CLANG_WARN_EMPTY_BODY = YES;
				CLANG_WARN_ENUM_CONVERSION = YES;
				CLANG_WARN_INFINITE_RECURSION = YES;
				CLANG_WARN_INT_CONVERSION = YES;
				CLANG_WARN_NON_LITERAL_NULL_CONVERSION = YES;
				CLANG_WARN_OBJC_IMPLICIT_RETAIN_SELF = YES;
				CLANG_WARN_OBJC_LITERAL_CONVERSION = YES;
				CLANG_WARN_OBJC_ROOT_CLASS = YES_ERROR;
				CLANG_WARN_QUOTED_INCLUDE_IN_FRAMEWORK_HEADER = YES;
				CLANG_WARN_RANGE_LOOP_ANALYSIS = YES;
				CLANG_WARN_STRICT_PROTOTYPES = YES;
				CLANG_WARN_SUSPICIOUS_MOVE = YES;
				CLANG_WARN_UNGUARDED_AVAILABILITY = YES_AGGRESSIVE;
				CLANG_WARN_UNREACHABLE_CODE = YES;
				CLANG_WARN__DUPLICATE_METHOD_MATCH = YES;
				COPY_PHASE_STRIP = NO;
				DEBUG_INFORMATION_FORMAT = "dwarf-with-dsym";
				ENABLE_NS_ASSERTIONS = NO;
				ENABLE_STRICT_OBJC_MSGSEND = YES;
				GCC_C_LANGUAGE_STANDARD = gnu11;
				GCC_NO_COMMON_BLOCKS = YES;
				GCC_WARN_64_TO_32_BIT_CONVERSION = YES;
				GCC_WARN_ABOUT_RETURN_TYPE = YES_ERROR;
				GCC_WARN_UNDECLARED_SELECTOR = YES;
				GCC_WARN_UNINITIALIZED_AUTOS = YES_AGGRESSIVE;
				GCC_WARN_UNUSED_FUNCTION = YES;
				GCC_WARN_UNUSED_VARIABLE = YES;
				IPHONEOS_DEPLOYMENT_TARGET = 16.1;
				MTL_ENABLE_DEBUG_INFO = NO;
				MTL_FAST_MATH = YES;
				SDKROOT = iphoneos;
				SWIFT_COMPILATION_MODE = wholemodule;
				SWIFT_OPTIMIZATION_LEVEL = "-O";
				VALIDATE_PRODUCT = YES;
			};
			name = Release;
		};
		54BDE1BB292ADA9B0014F7F2 /* Debug */ = {
			isa = XCBuildConfiguration;
			baseConfigurationReference = A843E88D9EDAB4445AFE7D08 /* Pods-Reciplease.debug.xcconfig */;
			buildSettings = {
				ASSETCATALOG_COMPILER_APPICON_NAME = AppIcon;
				ASSETCATALOG_COMPILER_GLOBAL_ACCENT_COLOR_NAME = AccentColor;
				CODE_SIGN_STYLE = Automatic;
				CURRENT_PROJECT_VERSION = 1;
				DEVELOPMENT_TEAM = 4YN9289X4K;
				GENERATE_INFOPLIST_FILE = YES;
				INFOPLIST_FILE = Reciplease/Info.plist;
				INFOPLIST_KEY_UIApplicationSupportsIndirectInputEvents = YES;
				INFOPLIST_KEY_UILaunchStoryboardName = LaunchScreen;
				INFOPLIST_KEY_UIMainStoryboardFile = Main;
				INFOPLIST_KEY_UISupportedInterfaceOrientations = UIInterfaceOrientationPortrait;
				INFOPLIST_KEY_UISupportedInterfaceOrientations_iPad = "UIInterfaceOrientationLandscapeLeft UIInterfaceOrientationLandscapeRight UIInterfaceOrientationPortrait UIInterfaceOrientationPortraitUpsideDown";
				IPHONEOS_DEPLOYMENT_TARGET = 15.0;
				LD_RUNPATH_SEARCH_PATHS = (
					"$(inherited)",
					"@executable_path/Frameworks",
				);
				MARKETING_VERSION = 1.0;
				PRODUCT_BUNDLE_IDENTIFIER = com.reciplease.Reciplease;
				PRODUCT_NAME = "$(TARGET_NAME)";
				SUPPORTED_PLATFORMS = "iphoneos iphonesimulator";
				SUPPORTS_MACCATALYST = NO;
				SUPPORTS_MAC_DESIGNED_FOR_IPHONE_IPAD = NO;
				SWIFT_EMIT_LOC_STRINGS = YES;
				SWIFT_VERSION = 5.0;
				TARGETED_DEVICE_FAMILY = 1;
			};
			name = Debug;
		};
		54BDE1BC292ADA9B0014F7F2 /* Release */ = {
			isa = XCBuildConfiguration;
			baseConfigurationReference = 8D93E6F8F6412FC4553E5105 /* Pods-Reciplease.release.xcconfig */;
			buildSettings = {
				ASSETCATALOG_COMPILER_APPICON_NAME = AppIcon;
				ASSETCATALOG_COMPILER_GLOBAL_ACCENT_COLOR_NAME = AccentColor;
				CODE_SIGN_STYLE = Automatic;
				CURRENT_PROJECT_VERSION = 1;
				DEVELOPMENT_TEAM = 4YN9289X4K;
				GENERATE_INFOPLIST_FILE = YES;
				INFOPLIST_FILE = Reciplease/Info.plist;
				INFOPLIST_KEY_UIApplicationSupportsIndirectInputEvents = YES;
				INFOPLIST_KEY_UILaunchStoryboardName = LaunchScreen;
				INFOPLIST_KEY_UIMainStoryboardFile = Main;
				INFOPLIST_KEY_UISupportedInterfaceOrientations = UIInterfaceOrientationPortrait;
				INFOPLIST_KEY_UISupportedInterfaceOrientations_iPad = "UIInterfaceOrientationLandscapeLeft UIInterfaceOrientationLandscapeRight UIInterfaceOrientationPortrait UIInterfaceOrientationPortraitUpsideDown";
				IPHONEOS_DEPLOYMENT_TARGET = 15.0;
				LD_RUNPATH_SEARCH_PATHS = (
					"$(inherited)",
					"@executable_path/Frameworks",
				);
				MARKETING_VERSION = 1.0;
				PRODUCT_BUNDLE_IDENTIFIER = com.reciplease.Reciplease;
				PRODUCT_NAME = "$(TARGET_NAME)";
				SUPPORTED_PLATFORMS = "iphoneos iphonesimulator";
				SUPPORTS_MACCATALYST = NO;
				SUPPORTS_MAC_DESIGNED_FOR_IPHONE_IPAD = NO;
				SWIFT_EMIT_LOC_STRINGS = YES;
				SWIFT_VERSION = 5.0;
				TARGETED_DEVICE_FAMILY = 1;
			};
			name = Release;
		};
/* End XCBuildConfiguration section */

/* Begin XCConfigurationList section */
		54BDE19E292ADA9A0014F7F2 /* Build configuration list for PBXProject "Reciplease" */ = {
			isa = XCConfigurationList;
			buildConfigurations = (
				54BDE1B8292ADA9B0014F7F2 /* Debug */,
				54BDE1B9292ADA9B0014F7F2 /* Release */,
			);
			defaultConfigurationIsVisible = 0;
			defaultConfigurationName = Release;
		};
		54BDE1BA292ADA9B0014F7F2 /* Build configuration list for PBXNativeTarget "Reciplease" */ = {
			isa = XCConfigurationList;
			buildConfigurations = (
				54BDE1BB292ADA9B0014F7F2 /* Debug */,
				54BDE1BC292ADA9B0014F7F2 /* Release */,
			);
			defaultConfigurationIsVisible = 0;
			defaultConfigurationName = Release;
		};
/* End XCConfigurationList section */

/* Begin XCVersionGroup section */
		54B0BC3C2937666900541ED2 /* Reciplease.xcdatamodeld */ = {
			isa = XCVersionGroup;
			children = (
				54B0BC3D2937666900541ED2 /* Reciplease.xcdatamodel */,
			);
			currentVersion = 54B0BC3D2937666900541ED2 /* Reciplease.xcdatamodel */;
			path = Reciplease.xcdatamodeld;
			sourceTree = "<group>";
			versionGroupType = wrapper.xcdatamodel;
		};
/* End XCVersionGroup section */
	};
	rootObject = 54BDE19B292ADA9A0014F7F2 /* Project object */;
}
