// !$*UTF8*$!
{
	archiveVersion = 1;
	classes = {
	};
	objectVersion = 56;
	objects = {

/* Begin PBXBuildFile section */
		39BF6F82960E3C9BE365E7FB /* Pods_Reciplease.framework in Frameworks */ = {isa = PBXBuildFile; fileRef = 6DF7A2DE6E8549624CE7110E /* Pods_Reciplease.framework */; };
		540412B52941F985005AAB55 /* RecipeXibCell.swift in Sources */ = {isa = PBXBuildFile; fileRef = 540412B32941F985005AAB55 /* RecipeXibCell.swift */; };
		540412B62941F985005AAB55 /* RecipeXibCell.xib in Resources */ = {isa = PBXBuildFile; fileRef = 540412B42941F985005AAB55 /* RecipeXibCell.xib */; };
		540412BE2942345F005AAB55 /* UpdateDelegate.swift in Sources */ = {isa = PBXBuildFile; fileRef = 540412BD2942345F005AAB55 /* UpdateDelegate.swift */; };
		545ECFC8297560AA00061E50 /* ClientStub.swift in Sources */ = {isa = PBXBuildFile; fileRef = 545ECFC7297560AA00061E50 /* ClientStub.swift */; };
		545ECFCF2975643900061E50 /* IngredientsStoreTests.swift in Sources */ = {isa = PBXBuildFile; fileRef = 545ECFCE2975643900061E50 /* IngredientsStoreTests.swift */; };
		545ECFD229756D0100061E50 /* RecipeServiceTests.swift in Sources */ = {isa = PBXBuildFile; fileRef = 545ECFD129756D0100061E50 /* RecipeServiceTests.swift */; };
		545ECFD429756D5B00061E50 /* CoreDataStoreTests.swift in Sources */ = {isa = PBXBuildFile; fileRef = 545ECFD329756D5B00061E50 /* CoreDataStoreTests.swift */; };
		545FE524294753F2003F396D /* RecipesController.swift in Sources */ = {isa = PBXBuildFile; fileRef = 540412BB294231C7005AAB55 /* RecipesController.swift */; };
		54A807262958CE8B004B8DD8 /* RecipeDetailController.swift in Sources */ = {isa = PBXBuildFile; fileRef = 54A807252958CE8B004B8DD8 /* RecipeDetailController.swift */; };
		54A807292958D052004B8DD8 /* UIViewController+Recipe.swift in Sources */ = {isa = PBXBuildFile; fileRef = 54A807282958D052004B8DD8 /* UIViewController+Recipe.swift */; };
		54A8072B29590316004B8DD8 /* FavoritesRecipesController.swift in Sources */ = {isa = PBXBuildFile; fileRef = 54A8072A29590316004B8DD8 /* FavoritesRecipesController.swift */; };
		54A941EC2940C93500D445CB /* IngredientsStore.swift in Sources */ = {isa = PBXBuildFile; fileRef = 54A941EB2940C93500D445CB /* IngredientsStore.swift */; };
		54A941F02940D20700D445CB /* IngredientCell.swift in Sources */ = {isa = PBXBuildFile; fileRef = 54A941EF2940D20700D445CB /* IngredientCell.swift */; };
		54AF32CB293E02E4000FD4AE /* RecipeService.swift in Sources */ = {isa = PBXBuildFile; fileRef = 54AF32CA293E02E4000FD4AE /* RecipeService.swift */; };
		54AF32CD293E03FE000FD4AE /* RecipeItem.swift in Sources */ = {isa = PBXBuildFile; fileRef = 54AF32CC293E03FE000FD4AE /* RecipeItem.swift */; };
		54AF32D0293E08A3000FD4AE /* NetworkError.swift in Sources */ = {isa = PBXBuildFile; fileRef = 54AF32CF293E08A3000FD4AE /* NetworkError.swift */; };
		54AF32D2293E0E95000FD4AE /* RecipeMapper.swift in Sources */ = {isa = PBXBuildFile; fileRef = 54AF32D1293E0E95000FD4AE /* RecipeMapper.swift */; };
		54AF32D4293E11A9000FD4AE /* RecipeEndpoint.swift in Sources */ = {isa = PBXBuildFile; fileRef = 54AF32D3293E11A9000FD4AE /* RecipeEndpoint.swift */; };
		54AF32D6293E4D5E000FD4AE /* UIViewController+Alert.swift in Sources */ = {isa = PBXBuildFile; fileRef = 54AF32D5293E4D5E000FD4AE /* UIViewController+Alert.swift */; };
		54B746AE295F2D890056F4E9 /* CoreDataStack.swift in Sources */ = {isa = PBXBuildFile; fileRef = 54B746AD295F2D890056F4E9 /* CoreDataStack.swift */; };
		54B746B1295F323C0056F4E9 /* Reciplease.xcdatamodeld in Sources */ = {isa = PBXBuildFile; fileRef = 54B746AF295F323C0056F4E9 /* Reciplease.xcdatamodeld */; };
		54BDE1A7292ADA9A0014F7F2 /* AppDelegate.swift in Sources */ = {isa = PBXBuildFile; fileRef = 54BDE1A6292ADA9A0014F7F2 /* AppDelegate.swift */; };
		54BDE1A9292ADA9A0014F7F2 /* SceneDelegate.swift in Sources */ = {isa = PBXBuildFile; fileRef = 54BDE1A8292ADA9A0014F7F2 /* SceneDelegate.swift */; };
		54BDE1AE292ADA9A0014F7F2 /* Main.storyboard in Resources */ = {isa = PBXBuildFile; fileRef = 54BDE1AC292ADA9A0014F7F2 /* Main.storyboard */; };
		54BDE1B3292ADA9B0014F7F2 /* Assets.xcassets in Resources */ = {isa = PBXBuildFile; fileRef = 54BDE1B2292ADA9B0014F7F2 /* Assets.xcassets */; };
		54BDE1B6292ADA9B0014F7F2 /* LaunchScreen.storyboard in Resources */ = {isa = PBXBuildFile; fileRef = 54BDE1B4292ADA9B0014F7F2 /* LaunchScreen.storyboard */; };
		54BDE1C3292ADDE10014F7F2 /* SearchController.swift in Sources */ = {isa = PBXBuildFile; fileRef = 54BDE1C2292ADDE10014F7F2 /* SearchController.swift */; };
		54BDE1C6292ADF9A0014F7F2 /* APIConfig.swift in Sources */ = {isa = PBXBuildFile; fileRef = 54BDE1C5292ADF9A0014F7F2 /* APIConfig.swift */; };
		54C4F3BA297E9A470066DA34 /* CoreDataStore.swift in Sources */ = {isa = PBXBuildFile; fileRef = 54C4F3B9297E9A470066DA34 /* CoreDataStore.swift */; };
		54C4F3BF297EA2010066DA34 /* Recipe.json in Resources */ = {isa = PBXBuildFile; fileRef = 54C4F3BE297EA2010066DA34 /* Recipe.json */; };
		54C4F3C1297EA7100066DA34 /* FakeCoreDataStack.swift in Sources */ = {isa = PBXBuildFile; fileRef = 54C4F3C0297EA7100066DA34 /* FakeCoreDataStack.swift */; };
		54C4F3C7297EAC390066DA34 /* RecipeImageServiceTests.swift in Sources */ = {isa = PBXBuildFile; fileRef = 54C4F3C6297EAC390066DA34 /* RecipeImageServiceTests.swift */; };
		54E525952956083F0003A75D /* RecipeImageService.swift in Sources */ = {isa = PBXBuildFile; fileRef = 54E525942956083F0003A75D /* RecipeImageService.swift */; };
		56AC26DA29420AB6008259F7 /* HTTPClient.swift in Sources */ = {isa = PBXBuildFile; fileRef = 56AC26D929420AB6008259F7 /* HTTPClient.swift */; };
/* End PBXBuildFile section */

/* Begin PBXContainerItemProxy section */
		545ECFC9297560AA00061E50 /* PBXContainerItemProxy */ = {
			isa = PBXContainerItemProxy;
			containerPortal = 54BDE19B292ADA9A0014F7F2 /* Project object */;
			proxyType = 1;
			remoteGlobalIDString = 54BDE1A2292ADA9A0014F7F2;
			remoteInfo = Reciplease;
		};
/* End PBXContainerItemProxy section */

/* Begin PBXFileReference section */
		540412B32941F985005AAB55 /* RecipeXibCell.swift */ = {isa = PBXFileReference; lastKnownFileType = sourcecode.swift; path = RecipeXibCell.swift; sourceTree = "<group>"; };
		540412B42941F985005AAB55 /* RecipeXibCell.xib */ = {isa = PBXFileReference; lastKnownFileType = file.xib; path = RecipeXibCell.xib; sourceTree = "<group>"; };
		540412BB294231C7005AAB55 /* RecipesController.swift */ = {isa = PBXFileReference; lastKnownFileType = sourcecode.swift; path = RecipesController.swift; sourceTree = "<group>"; };
		540412BD2942345F005AAB55 /* UpdateDelegate.swift */ = {isa = PBXFileReference; lastKnownFileType = sourcecode.swift; path = UpdateDelegate.swift; sourceTree = "<group>"; };
		545ECFC5297560AA00061E50 /* RecipleaseTests.xctest */ = {isa = PBXFileReference; explicitFileType = wrapper.cfbundle; includeInIndex = 0; path = RecipleaseTests.xctest; sourceTree = BUILT_PRODUCTS_DIR; };
		545ECFC7297560AA00061E50 /* ClientStub.swift */ = {isa = PBXFileReference; lastKnownFileType = sourcecode.swift; path = ClientStub.swift; sourceTree = "<group>"; };
		545ECFCE2975643900061E50 /* IngredientsStoreTests.swift */ = {isa = PBXFileReference; lastKnownFileType = sourcecode.swift; path = IngredientsStoreTests.swift; sourceTree = "<group>"; };
		545ECFD129756D0100061E50 /* RecipeServiceTests.swift */ = {isa = PBXFileReference; lastKnownFileType = sourcecode.swift; path = RecipeServiceTests.swift; sourceTree = "<group>"; };
		545ECFD329756D5B00061E50 /* CoreDataStoreTests.swift */ = {isa = PBXFileReference; lastKnownFileType = sourcecode.swift; path = CoreDataStoreTests.swift; sourceTree = "<group>"; };
		54A807252958CE8B004B8DD8 /* RecipeDetailController.swift */ = {isa = PBXFileReference; lastKnownFileType = sourcecode.swift; path = RecipeDetailController.swift; sourceTree = "<group>"; };
		54A807282958D052004B8DD8 /* UIViewController+Recipe.swift */ = {isa = PBXFileReference; lastKnownFileType = sourcecode.swift; path = "UIViewController+Recipe.swift"; sourceTree = "<group>"; };
		54A8072A29590316004B8DD8 /* FavoritesRecipesController.swift */ = {isa = PBXFileReference; lastKnownFileType = sourcecode.swift; path = FavoritesRecipesController.swift; sourceTree = "<group>"; };
		54A941EB2940C93500D445CB /* IngredientsStore.swift */ = {isa = PBXFileReference; lastKnownFileType = sourcecode.swift; path = IngredientsStore.swift; sourceTree = "<group>"; };
		54A941EF2940D20700D445CB /* IngredientCell.swift */ = {isa = PBXFileReference; lastKnownFileType = sourcecode.swift; path = IngredientCell.swift; sourceTree = "<group>"; };
		54AF32CA293E02E4000FD4AE /* RecipeService.swift */ = {isa = PBXFileReference; lastKnownFileType = sourcecode.swift; path = RecipeService.swift; sourceTree = "<group>"; };
		54AF32CC293E03FE000FD4AE /* RecipeItem.swift */ = {isa = PBXFileReference; lastKnownFileType = sourcecode.swift; path = RecipeItem.swift; sourceTree = "<group>"; };
		54AF32CF293E08A3000FD4AE /* NetworkError.swift */ = {isa = PBXFileReference; lastKnownFileType = sourcecode.swift; path = NetworkError.swift; sourceTree = "<group>"; };
		54AF32D1293E0E95000FD4AE /* RecipeMapper.swift */ = {isa = PBXFileReference; lastKnownFileType = sourcecode.swift; path = RecipeMapper.swift; sourceTree = "<group>"; };
		54AF32D3293E11A9000FD4AE /* RecipeEndpoint.swift */ = {isa = PBXFileReference; lastKnownFileType = sourcecode.swift; path = RecipeEndpoint.swift; sourceTree = "<group>"; };
		54AF32D5293E4D5E000FD4AE /* UIViewController+Alert.swift */ = {isa = PBXFileReference; lastKnownFileType = sourcecode.swift; path = "UIViewController+Alert.swift"; sourceTree = "<group>"; };
		54B746AD295F2D890056F4E9 /* CoreDataStack.swift */ = {isa = PBXFileReference; lastKnownFileType = sourcecode.swift; path = CoreDataStack.swift; sourceTree = "<group>"; };
		54B746B0295F323C0056F4E9 /* Reciplease.xcdatamodel */ = {isa = PBXFileReference; lastKnownFileType = wrapper.xcdatamodel; path = Reciplease.xcdatamodel; sourceTree = "<group>"; };
		54BDE1A3292ADA9A0014F7F2 /* Reciplease.app */ = {isa = PBXFileReference; explicitFileType = wrapper.application; includeInIndex = 0; path = Reciplease.app; sourceTree = BUILT_PRODUCTS_DIR; };
		54BDE1A6292ADA9A0014F7F2 /* AppDelegate.swift */ = {isa = PBXFileReference; lastKnownFileType = sourcecode.swift; path = AppDelegate.swift; sourceTree = "<group>"; };
		54BDE1A8292ADA9A0014F7F2 /* SceneDelegate.swift */ = {isa = PBXFileReference; lastKnownFileType = sourcecode.swift; path = SceneDelegate.swift; sourceTree = "<group>"; };
		54BDE1AD292ADA9A0014F7F2 /* Base */ = {isa = PBXFileReference; lastKnownFileType = file.storyboard; name = Base; path = Base.lproj/Main.storyboard; sourceTree = "<group>"; };
		54BDE1B2292ADA9B0014F7F2 /* Assets.xcassets */ = {isa = PBXFileReference; lastKnownFileType = folder.assetcatalog; path = Assets.xcassets; sourceTree = "<group>"; };
		54BDE1B5292ADA9B0014F7F2 /* Base */ = {isa = PBXFileReference; lastKnownFileType = file.storyboard; name = Base; path = Base.lproj/LaunchScreen.storyboard; sourceTree = "<group>"; };
		54BDE1B7292ADA9B0014F7F2 /* Info.plist */ = {isa = PBXFileReference; lastKnownFileType = text.plist.xml; path = Info.plist; sourceTree = "<group>"; };
		54BDE1C2292ADDE10014F7F2 /* SearchController.swift */ = {isa = PBXFileReference; lastKnownFileType = sourcecode.swift; path = SearchController.swift; sourceTree = "<group>"; };
		54BDE1C5292ADF9A0014F7F2 /* APIConfig.swift */ = {isa = PBXFileReference; lastKnownFileType = sourcecode.swift; path = APIConfig.swift; sourceTree = "<group>"; };
		54C4F3B9297E9A470066DA34 /* CoreDataStore.swift */ = {isa = PBXFileReference; lastKnownFileType = sourcecode.swift; path = CoreDataStore.swift; sourceTree = "<group>"; };
		54C4F3BE297EA2010066DA34 /* Recipe.json */ = {isa = PBXFileReference; lastKnownFileType = text.json; path = Recipe.json; sourceTree = "<group>"; };
		54C4F3C0297EA7100066DA34 /* FakeCoreDataStack.swift */ = {isa = PBXFileReference; lastKnownFileType = sourcecode.swift; name = FakeCoreDataStack.swift; path = ../../../../../../Downloads/FakeCoreDataStack.swift; sourceTree = "<group>"; };
		54C4F3C6297EAC390066DA34 /* RecipeImageServiceTests.swift */ = {isa = PBXFileReference; lastKnownFileType = sourcecode.swift; path = RecipeImageServiceTests.swift; sourceTree = "<group>"; };
		54E525942956083F0003A75D /* RecipeImageService.swift */ = {isa = PBXFileReference; lastKnownFileType = sourcecode.swift; path = RecipeImageService.swift; sourceTree = "<group>"; };
		56AC26D929420AB6008259F7 /* HTTPClient.swift */ = {isa = PBXFileReference; lastKnownFileType = sourcecode.swift; path = HTTPClient.swift; sourceTree = "<group>"; };
		6DF7A2DE6E8549624CE7110E /* Pods_Reciplease.framework */ = {isa = PBXFileReference; explicitFileType = wrapper.framework; includeInIndex = 0; path = Pods_Reciplease.framework; sourceTree = BUILT_PRODUCTS_DIR; };
		8D93E6F8F6412FC4553E5105 /* Pods-Reciplease.release.xcconfig */ = {isa = PBXFileReference; includeInIndex = 1; lastKnownFileType = text.xcconfig; name = "Pods-Reciplease.release.xcconfig"; path = "Target Support Files/Pods-Reciplease/Pods-Reciplease.release.xcconfig"; sourceTree = "<group>"; };
		A843E88D9EDAB4445AFE7D08 /* Pods-Reciplease.debug.xcconfig */ = {isa = PBXFileReference; includeInIndex = 1; lastKnownFileType = text.xcconfig; name = "Pods-Reciplease.debug.xcconfig"; path = "Target Support Files/Pods-Reciplease/Pods-Reciplease.debug.xcconfig"; sourceTree = "<group>"; };
/* End PBXFileReference section */

/* Begin PBXFrameworksBuildPhase section */
		545ECFC2297560AA00061E50 /* Frameworks */ = {
			isa = PBXFrameworksBuildPhase;
			buildActionMask = 2147483647;
			files = (
			);
			runOnlyForDeploymentPostprocessing = 0;
		};
		54BDE1A0292ADA9A0014F7F2 /* Frameworks */ = {
			isa = PBXFrameworksBuildPhase;
			buildActionMask = 2147483647;
			files = (
				39BF6F82960E3C9BE365E7FB /* Pods_Reciplease.framework in Frameworks */,
			);
			runOnlyForDeploymentPostprocessing = 0;
		};
/* End PBXFrameworksBuildPhase section */

/* Begin PBXGroup section */
		5401A52D2934F9A600581AD5 /* Model */ = {
			isa = PBXGroup;
			children = (
				54A941F52940D78000D445CB /* NetworkError */,
				54A941F42940D77800D445CB /* IngredientList */,
				54AF32CE293E04AB000FD4AE /* Recipe */,
				54BDE1BF292ADAD30014F7F2 /* CoreData */,
			);
			path = Model;
			sourceTree = "<group>";
		};
		540412B72941F98C005AAB55 /* RecipeXibCell */ = {
			isa = PBXGroup;
			children = (
				540412B32941F985005AAB55 /* RecipeXibCell.swift */,
				540412B42941F985005AAB55 /* RecipeXibCell.xib */,
			);
			path = RecipeXibCell;
			sourceTree = "<group>";
		};
		540412BA294231C7005AAB55 /* Recipe */ = {
			isa = PBXGroup;
			children = (
				540412BB294231C7005AAB55 /* RecipesController.swift */,
			);
			path = Recipe;
			sourceTree = "<group>";
		};
		545ECFC6297560AA00061E50 /* RecipleaseTests */ = {
			isa = PBXGroup;
			children = (
				54C4F3BB297E9BBA0066DA34 /* IngredientsStore */,
				545ECFC7297560AA00061E50 /* ClientStub.swift */,
				54C4F3C8297EAC3D0066DA34 /* RecipeImageService */,
				54C4F3BC297E9BEC0066DA34 /* RecipeService */,
				54C4F3BD297E9BF90066DA34 /* CoreDataStore */,
			);
			path = RecipleaseTests;
			sourceTree = "<group>";
		};
		54A807272958CE8F004B8DD8 /* RecipeDetail */ = {
			isa = PBXGroup;
			children = (
				54A807252958CE8B004B8DD8 /* RecipeDetailController.swift */,
			);
			path = RecipeDetail;
			sourceTree = "<group>";
		};
		54A8072C2959031B004B8DD8 /* FavoriteRecipe */ = {
			isa = PBXGroup;
			children = (
				54A8072A29590316004B8DD8 /* FavoritesRecipesController.swift */,
			);
			path = FavoriteRecipe;
			sourceTree = "<group>";
		};
		54A8072D29590350004B8DD8 /* Cell */ = {
			isa = PBXGroup;
			children = (
				540412B72941F98C005AAB55 /* RecipeXibCell */,
				54A941F12940D21400D445CB /* IngredientCell */,
			);
			path = Cell;
			sourceTree = "<group>";
		};
		54A941F12940D21400D445CB /* IngredientCell */ = {
			isa = PBXGroup;
			children = (
				54A941EF2940D20700D445CB /* IngredientCell.swift */,
			);
			path = IngredientCell;
			sourceTree = "<group>";
		};
		54A941F42940D77800D445CB /* IngredientList */ = {
			isa = PBXGroup;
			children = (
				54A941EB2940C93500D445CB /* IngredientsStore.swift */,
				540412BD2942345F005AAB55 /* UpdateDelegate.swift */,
			);
			name = IngredientList;
			sourceTree = "<group>";
		};
		54A941F52940D78000D445CB /* NetworkError */ = {
			isa = PBXGroup;
			children = (
				54AF32CF293E08A3000FD4AE /* NetworkError.swift */,
			);
			name = NetworkError;
			sourceTree = "<group>";
		};
		54AF32CE293E04AB000FD4AE /* Recipe */ = {
			isa = PBXGroup;
			children = (
				56AC26D929420AB6008259F7 /* HTTPClient.swift */,
				54AF32CA293E02E4000FD4AE /* RecipeService.swift */,
				54E525942956083F0003A75D /* RecipeImageService.swift */,
				54AF32CC293E03FE000FD4AE /* RecipeItem.swift */,
				54AF32D1293E0E95000FD4AE /* RecipeMapper.swift */,
				54AF32D3293E11A9000FD4AE /* RecipeEndpoint.swift */,
			);
			path = Recipe;
			sourceTree = "<group>";
		};
		54AF32D7293E4D65000FD4AE /* Search */ = {
			isa = PBXGroup;
			children = (
				54BDE1C2292ADDE10014F7F2 /* SearchController.swift */,
			);
			path = Search;
			sourceTree = "<group>";
		};
		54BDE19A292ADA9A0014F7F2 = {
			isa = PBXGroup;
			children = (
				54BDE1A5292ADA9A0014F7F2 /* Reciplease */,
				545ECFC6297560AA00061E50 /* RecipleaseTests */,
				54BDE1A4292ADA9A0014F7F2 /* Products */,
				E784210A3EB6B5827B314F03 /* Pods */,
				8E33D9CF081F7D3B87036580 /* Frameworks */,
			);
			sourceTree = "<group>";
		};
		54BDE1A4292ADA9A0014F7F2 /* Products */ = {
			isa = PBXGroup;
			children = (
				54BDE1A3292ADA9A0014F7F2 /* Reciplease.app */,
				545ECFC5297560AA00061E50 /* RecipleaseTests.xctest */,
			);
			name = Products;
			sourceTree = "<group>";
		};
		54BDE1A5292ADA9A0014F7F2 /* Reciplease */ = {
			isa = PBXGroup;
			children = (
				54BDE1B7292ADA9B0014F7F2 /* Info.plist */,
				54BDE1BE292ADAC60014F7F2 /* Supporting Files */,
				5401A52D2934F9A600581AD5 /* Model */,
				54BDE1C4292ADDF30014F7F2 /* Controller */,
				54BDE1BD292ADAB60014F7F2 /* View */,
			);
			path = Reciplease;
			sourceTree = "<group>";
		};
		54BDE1BD292ADAB60014F7F2 /* View */ = {
			isa = PBXGroup;
			children = (
				54BDE1AC292ADA9A0014F7F2 /* Main.storyboard */,
				54BDE1B4292ADA9B0014F7F2 /* LaunchScreen.storyboard */,
			);
			path = View;
			sourceTree = "<group>";
		};
		54BDE1BE292ADAC60014F7F2 /* Supporting Files */ = {
			isa = PBXGroup;
			children = (
				54BDE1C5292ADF9A0014F7F2 /* APIConfig.swift */,
				54BDE1A6292ADA9A0014F7F2 /* AppDelegate.swift */,
				54BDE1A8292ADA9A0014F7F2 /* SceneDelegate.swift */,
				54BDE1B2292ADA9B0014F7F2 /* Assets.xcassets */,
			);
			path = "Supporting Files";
			sourceTree = "<group>";
		};
		54BDE1BF292ADAD30014F7F2 /* CoreData */ = {
			isa = PBXGroup;
			children = (
				54B746AD295F2D890056F4E9 /* CoreDataStack.swift */,
				54C4F3B9297E9A470066DA34 /* CoreDataStore.swift */,
				54B746AF295F323C0056F4E9 /* Reciplease.xcdatamodeld */,
			);
			path = CoreData;
			sourceTree = "<group>";
		};
		54BDE1C4292ADDF30014F7F2 /* Controller */ = {
			isa = PBXGroup;
			children = (
				54AF32D5293E4D5E000FD4AE /* UIViewController+Alert.swift */,
				54A807282958D052004B8DD8 /* UIViewController+Recipe.swift */,
				54A8072D29590350004B8DD8 /* Cell */,
				54AF32D7293E4D65000FD4AE /* Search */,
				540412BA294231C7005AAB55 /* Recipe */,
				54A807272958CE8F004B8DD8 /* RecipeDetail */,
				54A8072C2959031B004B8DD8 /* FavoriteRecipe */,
			);
			path = Controller;
			sourceTree = "<group>";
		};
		54C4F3BB297E9BBA0066DA34 /* IngredientsStore */ = {
			isa = PBXGroup;
			children = (
				545ECFCE2975643900061E50 /* IngredientsStoreTests.swift */,
			);
			path = IngredientsStore;
			sourceTree = "<group>";
		};
		54C4F3BC297E9BEC0066DA34 /* RecipeService */ = {
			isa = PBXGroup;
			children = (
				545ECFD129756D0100061E50 /* RecipeServiceTests.swift */,
				54C4F3BE297EA2010066DA34 /* Recipe.json */,
			);
			path = RecipeService;
			sourceTree = "<group>";
		};
		54C4F3BD297E9BF90066DA34 /* CoreDataStore */ = {
			isa = PBXGroup;
			children = (
				545ECFD329756D5B00061E50 /* CoreDataStoreTests.swift */,
				54C4F3C0297EA7100066DA34 /* FakeCoreDataStack.swift */,
			);
			path = CoreDataStore;
			sourceTree = "<group>";
		};
		54C4F3C8297EAC3D0066DA34 /* RecipeImageService */ = {
			isa = PBXGroup;
			children = (
				54C4F3C6297EAC390066DA34 /* RecipeImageServiceTests.swift */,
			);
			path = RecipeImageService;
			sourceTree = "<group>";
		};
		8E33D9CF081F7D3B87036580 /* Frameworks */ = {
			isa = PBXGroup;
			children = (
				6DF7A2DE6E8549624CE7110E /* Pods_Reciplease.framework */,
			);
			name = Frameworks;
			sourceTree = "<group>";
		};
		E784210A3EB6B5827B314F03 /* Pods */ = {
			isa = PBXGroup;
			children = (
				A843E88D9EDAB4445AFE7D08 /* Pods-Reciplease.debug.xcconfig */,
				8D93E6F8F6412FC4553E5105 /* Pods-Reciplease.release.xcconfig */,
			);
			path = Pods;
			sourceTree = "<group>";
		};
/* End PBXGroup section */

/* Begin PBXNativeTarget section */
		545ECFC4297560AA00061E50 /* RecipleaseTests */ = {
			isa = PBXNativeTarget;
			buildConfigurationList = 545ECFCD297560AA00061E50 /* Build configuration list for PBXNativeTarget "RecipleaseTests" */;
			buildPhases = (
				545ECFC1297560AA00061E50 /* Sources */,
				545ECFC2297560AA00061E50 /* Frameworks */,
				545ECFC3297560AA00061E50 /* Resources */,
			);
			buildRules = (
			);
			dependencies = (
				545ECFCA297560AA00061E50 /* PBXTargetDependency */,
			);
			name = RecipleaseTests;
			productName = RecipleaseTests;
			productReference = 545ECFC5297560AA00061E50 /* RecipleaseTests.xctest */;
			productType = "com.apple.product-type.bundle.unit-test";
		};
		54BDE1A2292ADA9A0014F7F2 /* Reciplease */ = {
			isa = PBXNativeTarget;
			buildConfigurationList = 54BDE1BA292ADA9B0014F7F2 /* Build configuration list for PBXNativeTarget "Reciplease" */;
			buildPhases = (
				C9778183E2E97491F33B5A66 /* [CP] Check Pods Manifest.lock */,
				54BDE19F292ADA9A0014F7F2 /* Sources */,
				54BDE1A0292ADA9A0014F7F2 /* Frameworks */,
				54BDE1A1292ADA9A0014F7F2 /* Resources */,
				4EFC106B0DAD730D55D77855 /* [CP] Embed Pods Frameworks */,
			);
			buildRules = (
			);
			dependencies = (
			);
			name = Reciplease;
			productName = Reciplease;
			productReference = 54BDE1A3292ADA9A0014F7F2 /* Reciplease.app */;
			productType = "com.apple.product-type.application";
		};
/* End PBXNativeTarget section */

/* Begin PBXProject section */
		54BDE19B292ADA9A0014F7F2 /* Project object */ = {
			isa = PBXProject;
			attributes = {
				BuildIndependentTargetsInParallel = 1;
				LastSwiftUpdateCheck = 1420;
				LastUpgradeCheck = 1410;
				TargetAttributes = {
					545ECFC4297560AA00061E50 = {
						CreatedOnToolsVersion = 14.2;
						TestTargetID = 54BDE1A2292ADA9A0014F7F2;
					};
					54BDE1A2292ADA9A0014F7F2 = {
						CreatedOnToolsVersion = 14.1;
					};
				};
			};
			buildConfigurationList = 54BDE19E292ADA9A0014F7F2 /* Build configuration list for PBXProject "Reciplease" */;
			compatibilityVersion = "Xcode 14.0";
			developmentRegion = en;
			hasScannedForEncodings = 0;
			knownRegions = (
				en,
				Base,
			);
			mainGroup = 54BDE19A292ADA9A0014F7F2;
			productRefGroup = 54BDE1A4292ADA9A0014F7F2 /* Products */;
			projectDirPath = "";
			projectRoot = "";
			targets = (
				54BDE1A2292ADA9A0014F7F2 /* Reciplease */,
				545ECFC4297560AA00061E50 /* RecipleaseTests */,
			);
		};
/* End PBXProject section */

/* Begin PBXResourcesBuildPhase section */
		545ECFC3297560AA00061E50 /* Resources */ = {
			isa = PBXResourcesBuildPhase;
			buildActionMask = 2147483647;
			files = (
				54C4F3BF297EA2010066DA34 /* Recipe.json in Resources */,
			);
			runOnlyForDeploymentPostprocessing = 0;
		};
		54BDE1A1292ADA9A0014F7F2 /* Resources */ = {
			isa = PBXResourcesBuildPhase;
			buildActionMask = 2147483647;
			files = (
				54BDE1B6292ADA9B0014F7F2 /* LaunchScreen.storyboard in Resources */,
				540412B62941F985005AAB55 /* RecipeXibCell.xib in Resources */,
				54BDE1B3292ADA9B0014F7F2 /* Assets.xcassets in Resources */,
				54BDE1AE292ADA9A0014F7F2 /* Main.storyboard in Resources */,
			);
			runOnlyForDeploymentPostprocessing = 0;
		};
/* End PBXResourcesBuildPhase section */

/* Begin PBXShellScriptBuildPhase section */
		4EFC106B0DAD730D55D77855 /* [CP] Embed Pods Frameworks */ = {
			isa = PBXShellScriptBuildPhase;
			buildActionMask = 2147483647;
			files = (
			);
			inputFileListPaths = (
				"${PODS_ROOT}/Target Support Files/Pods-Reciplease/Pods-Reciplease-frameworks-${CONFIGURATION}-input-files.xcfilelist",
			);
			name = "[CP] Embed Pods Frameworks";
			outputFileListPaths = (
				"${PODS_ROOT}/Target Support Files/Pods-Reciplease/Pods-Reciplease-frameworks-${CONFIGURATION}-output-files.xcfilelist",
			);
			runOnlyForDeploymentPostprocessing = 0;
			shellPath = /bin/sh;
			shellScript = "\"${PODS_ROOT}/Target Support Files/Pods-Reciplease/Pods-Reciplease-frameworks.sh\"\n";
			showEnvVarsInLog = 0;
		};
		C9778183E2E97491F33B5A66 /* [CP] Check Pods Manifest.lock */ = {
			isa = PBXShellScriptBuildPhase;
			buildActionMask = 2147483647;
			files = (
			);
			inputFileListPaths = (
			);
			inputPaths = (
				"${PODS_PODFILE_DIR_PATH}/Podfile.lock",
				"${PODS_ROOT}/Manifest.lock",
			);
			name = "[CP] Check Pods Manifest.lock";
			outputFileListPaths = (
			);
			outputPaths = (
				"$(DERIVED_FILE_DIR)/Pods-Reciplease-checkManifestLockResult.txt",
			);
			runOnlyForDeploymentPostprocessing = 0;
			shellPath = /bin/sh;
			shellScript = "diff \"${PODS_PODFILE_DIR_PATH}/Podfile.lock\" \"${PODS_ROOT}/Manifest.lock\" > /dev/null\nif [ $? != 0 ] ; then\n    # print error to STDERR\n    echo \"error: The sandbox is not in sync with the Podfile.lock. Run 'pod install' or update your CocoaPods installation.\" >&2\n    exit 1\nfi\n# This output is used by Xcode 'outputs' to avoid re-running this script phase.\necho \"SUCCESS\" > \"${SCRIPT_OUTPUT_FILE_0}\"\n";
			showEnvVarsInLog = 0;
		};
/* End PBXShellScriptBuildPhase section */

/* Begin PBXSourcesBuildPhase section */
		545ECFC1297560AA00061E50 /* Sources */ = {
			isa = PBXSourcesBuildPhase;
			buildActionMask = 2147483647;
			files = (
				545ECFC8297560AA00061E50 /* ClientStub.swift in Sources */,
				545ECFD229756D0100061E50 /* RecipeServiceTests.swift in Sources */,
				54C4F3C1297EA7100066DA34 /* FakeCoreDataStack.swift in Sources */,
				545ECFCF2975643900061E50 /* IngredientsStoreTests.swift in Sources */,
				545ECFD429756D5B00061E50 /* CoreDataStoreTests.swift in Sources */,
				54C4F3C7297EAC390066DA34 /* RecipeImageServiceTests.swift in Sources */,
			);
			runOnlyForDeploymentPostprocessing = 0;
		};
		54BDE19F292ADA9A0014F7F2 /* Sources */ = {
			isa = PBXSourcesBuildPhase;
			buildActionMask = 2147483647;
			files = (
				54A8072B29590316004B8DD8 /* FavoritesRecipesController.swift in Sources */,
				54AF32D4293E11A9000FD4AE /* RecipeEndpoint.swift in Sources */,
				54AF32CB293E02E4000FD4AE /* RecipeService.swift in Sources */,
				54AF32D0293E08A3000FD4AE /* NetworkError.swift in Sources */,
				54BDE1A7292ADA9A0014F7F2 /* AppDelegate.swift in Sources */,
				54AF32D6293E4D5E000FD4AE /* UIViewController+Alert.swift in Sources */,
				545FE524294753F2003F396D /* RecipesController.swift in Sources */,
				54BDE1C3292ADDE10014F7F2 /* SearchController.swift in Sources */,
				54A807262958CE8B004B8DD8 /* RecipeDetailController.swift in Sources */,
				54A941F02940D20700D445CB /* IngredientCell.swift in Sources */,
				54C4F3BA297E9A470066DA34 /* CoreDataStore.swift in Sources */,
				54BDE1A9292ADA9A0014F7F2 /* SceneDelegate.swift in Sources */,
				54A941EC2940C93500D445CB /* IngredientsStore.swift in Sources */,
				54AF32D2293E0E95000FD4AE /* RecipeMapper.swift in Sources */,
				56AC26DA29420AB6008259F7 /* HTTPClient.swift in Sources */,
				540412B52941F985005AAB55 /* RecipeXibCell.swift in Sources */,
				540412BE2942345F005AAB55 /* UpdateDelegate.swift in Sources */,
				54B746AE295F2D890056F4E9 /* CoreDataStack.swift in Sources */,
				54A807292958D052004B8DD8 /* UIViewController+Recipe.swift in Sources */,
				54E525952956083F0003A75D /* RecipeImageService.swift in Sources */,
				54AF32CD293E03FE000FD4AE /* RecipeItem.swift in Sources */,
				54B746B1295F323C0056F4E9 /* Reciplease.xcdatamodeld in Sources */,
				54BDE1C6292ADF9A0014F7F2 /* APIConfig.swift in Sources */,
			);
			runOnlyForDeploymentPostprocessing = 0;
		};
/* End PBXSourcesBuildPhase section */

/* Begin PBXTargetDependency section */
		545ECFCA297560AA00061E50 /* PBXTargetDependency */ = {
			isa = PBXTargetDependency;
			target = 54BDE1A2292ADA9A0014F7F2 /* Reciplease */;
			targetProxy = 545ECFC9297560AA00061E50 /* PBXContainerItemProxy */;
		};
/* End PBXTargetDependency section */

/* Begin PBXVariantGroup section */
		54BDE1AC292ADA9A0014F7F2 /* Main.storyboard */ = {
			isa = PBXVariantGroup;
			children = (
				54BDE1AD292ADA9A0014F7F2 /* Base */,
			);
			name = Main.storyboard;
			sourceTree = "<group>";
		};
		54BDE1B4292ADA9B0014F7F2 /* LaunchScreen.storyboard */ = {
			isa = PBXVariantGroup;
			children = (
				54BDE1B5292ADA9B0014F7F2 /* Base */,
			);
			name = LaunchScreen.storyboard;
			sourceTree = "<group>";
		};
/* End PBXVariantGroup section */

/* Begin XCBuildConfiguration section */
		545ECFCB297560AA00061E50 /* Debug */ = {
			isa = XCBuildConfiguration;
			buildSettings = {
				BUNDLE_LOADER = "$(TEST_HOST)";
				CODE_SIGN_STYLE = Automatic;
				CURRENT_PROJECT_VERSION = 1;
				DEVELOPMENT_TEAM = 4YN9289X4K;
				GENERATE_INFOPLIST_FILE = YES;
				IPHONEOS_DEPLOYMENT_TARGET = 16.2;
				MARKETING_VERSION = 1.0;
				PRODUCT_BUNDLE_IDENTIFIER = com.reciplease.RecipleaseTests;
				PRODUCT_NAME = "$(TARGET_NAME)";
				SWIFT_EMIT_LOC_STRINGS = NO;
				SWIFT_VERSION = 5.0;
				TARGETED_DEVICE_FAMILY = "1,2";
				TEST_HOST = "$(BUILT_PRODUCTS_DIR)/Reciplease.app/$(BUNDLE_EXECUTABLE_FOLDER_PATH)/Reciplease";
			};
			name = Debug;
		};
		545ECFCC297560AA00061E50 /* Release */ = {
			isa = XCBuildConfiguration;
			buildSettings = {
				BUNDLE_LOADER = "$(TEST_HOST)";
				CODE_SIGN_STYLE = Automatic;
				CURRENT_PROJECT_VERSION = 1;
				DEVELOPMENT_TEAM = 4YN9289X4K;
				GENERATE_INFOPLIST_FILE = YES;
				IPHONEOS_DEPLOYMENT_TARGET = 16.2;
				MARKETING_VERSION = 1.0;
				PRODUCT_BUNDLE_IDENTIFIER = com.reciplease.RecipleaseTests;
				PRODUCT_NAME = "$(TARGET_NAME)";
				SWIFT_EMIT_LOC_STRINGS = NO;
				SWIFT_VERSION = 5.0;
				TARGETED_DEVICE_FAMILY = "1,2";
				TEST_HOST = "$(BUILT_PRODUCTS_DIR)/Reciplease.app/$(BUNDLE_EXECUTABLE_FOLDER_PATH)/Reciplease";
			};
			name = Release;
		};
		54BDE1B8292ADA9B0014F7F2 /* Debug */ = {
			isa = XCBuildConfiguration;
			buildSettings = {
				ALWAYS_SEARCH_USER_PATHS = NO;
				CLANG_ANALYZER_NONNULL = YES;
				CLANG_ANALYZER_NUMBER_OBJECT_CONVERSION = YES_AGGRESSIVE;
				CLANG_CXX_LANGUAGE_STANDARD = "gnu++20";
				CLANG_ENABLE_MODULES = YES;
				CLANG_ENABLE_OBJC_ARC = YES;
				CLANG_ENABLE_OBJC_WEAK = YES;
				CLANG_WARN_BLOCK_CAPTURE_AUTORELEASING = YES;
				CLANG_WARN_BOOL_CONVERSION = YES;
				CLANG_WARN_COMMA = YES;
				CLANG_WARN_CONSTANT_CONVERSION = YES;
				CLANG_WARN_DEPRECATED_OBJC_IMPLEMENTATIONS = YES;
				CLANG_WARN_DIRECT_OBJC_ISA_USAGE = YES_ERROR;
				CLANG_WARN_DOCUMENTATION_COMMENTS = YES;
				CLANG_WARN_EMPTY_BODY = YES;
				CLANG_WARN_ENUM_CONVERSION = YES;
				CLANG_WARN_INFINITE_RECURSION = YES;
				CLANG_WARN_INT_CONVERSION = YES;
				CLANG_WARN_NON_LITERAL_NULL_CONVERSION = YES;
				CLANG_WARN_OBJC_IMPLICIT_RETAIN_SELF = YES;
				CLANG_WARN_OBJC_LITERAL_CONVERSION = YES;
				CLANG_WARN_OBJC_ROOT_CLASS = YES_ERROR;
				CLANG_WARN_QUOTED_INCLUDE_IN_FRAMEWORK_HEADER = YES;
				CLANG_WARN_RANGE_LOOP_ANALYSIS = YES;
				CLANG_WARN_STRICT_PROTOTYPES = YES;
				CLANG_WARN_SUSPICIOUS_MOVE = YES;
				CLANG_WARN_UNGUARDED_AVAILABILITY = YES_AGGRESSIVE;
				CLANG_WARN_UNREACHABLE_CODE = YES;
				CLANG_WARN__DUPLICATE_METHOD_MATCH = YES;
				COPY_PHASE_STRIP = NO;
				DEBUG_INFORMATION_FORMAT = dwarf;
				ENABLE_STRICT_OBJC_MSGSEND = YES;
				ENABLE_TESTABILITY = YES;
				GCC_C_LANGUAGE_STANDARD = gnu11;
				GCC_DYNAMIC_NO_PIC = NO;
				GCC_NO_COMMON_BLOCKS = YES;
				GCC_OPTIMIZATION_LEVEL = 0;
				GCC_PREPROCESSOR_DEFINITIONS = (
					"DEBUG=1",
					"$(inherited)",
				);
				GCC_WARN_64_TO_32_BIT_CONVERSION = YES;
				GCC_WARN_ABOUT_RETURN_TYPE = YES_ERROR;
				GCC_WARN_UNDECLARED_SELECTOR = YES;
				GCC_WARN_UNINITIALIZED_AUTOS = YES_AGGRESSIVE;
				GCC_WARN_UNUSED_FUNCTION = YES;
				GCC_WARN_UNUSED_VARIABLE = YES;
				IPHONEOS_DEPLOYMENT_TARGET = 16.1;
				MTL_ENABLE_DEBUG_INFO = INCLUDE_SOURCE;
				MTL_FAST_MATH = YES;
				ONLY_ACTIVE_ARCH = YES;
				SDKROOT = iphoneos;
				SWIFT_ACTIVE_COMPILATION_CONDITIONS = DEBUG;
				SWIFT_OPTIMIZATION_LEVEL = "-Onone";
			};
			name = Debug;
		};
		54BDE1B9292ADA9B0014F7F2 /* Release */ = {
			isa = XCBuildConfiguration;
			buildSettings = {
				ALWAYS_SEARCH_USER_PATHS = NO;
				CLANG_ANALYZER_NONNULL = YES;
				CLANG_ANALYZER_NUMBER_OBJECT_CONVERSION = YES_AGGRESSIVE;
				CLANG_CXX_LANGUAGE_STANDARD = "gnu++20";
				CLANG_ENABLE_MODULES = YES;
				CLANG_ENABLE_OBJC_ARC = YES;
				CLANG_ENABLE_OBJC_WEAK = YES;
				CLANG_WARN_BLOCK_CAPTURE_AUTORELEASING = YES;
				CLANG_WARN_BOOL_CONVERSION = YES;
				CLANG_WARN_COMMA = YES;
				CLANG_WARN_CONSTANT_CONVERSION = YES;
				CLANG_WARN_DEPRECATED_OBJC_IMPLEMENTATIONS = YES;
				CLANG_WARN_DIRECT_OBJC_ISA_USAGE = YES_ERROR;
				CLANG_WARN_DOCUMENTATION_COMMENTS = YES;
				CLANG_WARN_EMPTY_BODY = YES;
				CLANG_WARN_ENUM_CONVERSION = YES;
				CLANG_WARN_INFINITE_RECURSION = YES;
				CLANG_WARN_INT_CONVERSION = YES;
				CLANG_WARN_NON_LITERAL_NULL_CONVERSION = YES;
				CLANG_WARN_OBJC_IMPLICIT_RETAIN_SELF = YES;
				CLANG_WARN_OBJC_LITERAL_CONVERSION = YES;
				CLANG_WARN_OBJC_ROOT_CLASS = YES_ERROR;
				CLANG_WARN_QUOTED_INCLUDE_IN_FRAMEWORK_HEADER = YES;
				CLANG_WARN_RANGE_LOOP_ANALYSIS = YES;
				CLANG_WARN_STRICT_PROTOTYPES = YES;
				CLANG_WARN_SUSPICIOUS_MOVE = YES;
				CLANG_WARN_UNGUARDED_AVAILABILITY = YES_AGGRESSIVE;
				CLANG_WARN_UNREACHABLE_CODE = YES;
				CLANG_WARN__DUPLICATE_METHOD_MATCH = YES;
				COPY_PHASE_STRIP = NO;
				DEBUG_INFORMATION_FORMAT = "dwarf-with-dsym";
				ENABLE_NS_ASSERTIONS = NO;
				ENABLE_STRICT_OBJC_MSGSEND = YES;
				GCC_C_LANGUAGE_STANDARD = gnu11;
				GCC_NO_COMMON_BLOCKS = YES;
				GCC_WARN_64_TO_32_BIT_CONVERSION = YES;
				GCC_WARN_ABOUT_RETURN_TYPE = YES_ERROR;
				GCC_WARN_UNDECLARED_SELECTOR = YES;
				GCC_WARN_UNINITIALIZED_AUTOS = YES_AGGRESSIVE;
				GCC_WARN_UNUSED_FUNCTION = YES;
				GCC_WARN_UNUSED_VARIABLE = YES;
				IPHONEOS_DEPLOYMENT_TARGET = 16.1;
				MTL_ENABLE_DEBUG_INFO = NO;
				MTL_FAST_MATH = YES;
				SDKROOT = iphoneos;
				SWIFT_COMPILATION_MODE = wholemodule;
				SWIFT_OPTIMIZATION_LEVEL = "-O";
				VALIDATE_PRODUCT = YES;
			};
			name = Release;
		};
		54BDE1BB292ADA9B0014F7F2 /* Debug */ = {
			isa = XCBuildConfiguration;
			baseConfigurationReference = A843E88D9EDAB4445AFE7D08 /* Pods-Reciplease.debug.xcconfig */;
			buildSettings = {
				ASSETCATALOG_COMPILER_APPICON_NAME = AppIcon;
				ASSETCATALOG_COMPILER_GLOBAL_ACCENT_COLOR_NAME = AccentColor;
				CODE_SIGN_IDENTITY = "Apple Development";
				CODE_SIGN_STYLE = Automatic;
				CURRENT_PROJECT_VERSION = 1;
				DEVELOPMENT_TEAM = 4YN9289X4K;
				GENERATE_INFOPLIST_FILE = YES;
				INFOPLIST_FILE = Reciplease/Info.plist;
				INFOPLIST_KEY_UIApplicationSupportsIndirectInputEvents = YES;
				INFOPLIST_KEY_UILaunchStoryboardName = LaunchScreen;
				INFOPLIST_KEY_UIMainStoryboardFile = Main;
				INFOPLIST_KEY_UIStatusBarHidden = YES;
				INFOPLIST_KEY_UIStatusBarStyle = "";
				INFOPLIST_KEY_UISupportedInterfaceOrientations = UIInterfaceOrientationPortrait;
				INFOPLIST_KEY_UISupportedInterfaceOrientations_iPad = "UIInterfaceOrientationLandscapeLeft UIInterfaceOrientationLandscapeRight UIInterfaceOrientationPortrait UIInterfaceOrientationPortraitUpsideDown";
				IPHONEOS_DEPLOYMENT_TARGET = 15.0;
				LD_RUNPATH_SEARCH_PATHS = (
					"$(inherited)",
					"@executable_path/Frameworks",
				);
				MARKETING_VERSION = 1.0;
				PRODUCT_BUNDLE_IDENTIFIER = reciplease;
				PRODUCT_NAME = "$(TARGET_NAME)";
				PROVISIONING_PROFILE_SPECIFIER = "";
				SUPPORTED_PLATFORMS = "iphoneos iphonesimulator";
				SUPPORTS_MACCATALYST = NO;
				SUPPORTS_MAC_DESIGNED_FOR_IPHONE_IPAD = NO;
				SWIFT_EMIT_LOC_STRINGS = YES;
				SWIFT_VERSION = 5.0;
				TARGETED_DEVICE_FAMILY = 1;
			};
			name = Debug;
		};
		54BDE1BC292ADA9B0014F7F2 /* Release */ = {
			isa = XCBuildConfiguration;
			baseConfigurationReference = 8D93E6F8F6412FC4553E5105 /* Pods-Reciplease.release.xcconfig */;
			buildSettings = {
				ASSETCATALOG_COMPILER_APPICON_NAME = AppIcon;
				ASSETCATALOG_COMPILER_GLOBAL_ACCENT_COLOR_NAME = AccentColor;
				CODE_SIGN_IDENTITY = "Apple Development";
				CODE_SIGN_STYLE = Automatic;
				CURRENT_PROJECT_VERSION = 1;
				DEVELOPMENT_TEAM = 4YN9289X4K;
				GENERATE_INFOPLIST_FILE = YES;
				INFOPLIST_FILE = Reciplease/Info.plist;
				INFOPLIST_KEY_UIApplicationSupportsIndirectInputEvents = YES;
				INFOPLIST_KEY_UILaunchStoryboardName = LaunchScreen;
				INFOPLIST_KEY_UIMainStoryboardFile = Main;
				INFOPLIST_KEY_UIStatusBarHidden = YES;
				INFOPLIST_KEY_UIStatusBarStyle = "";
				INFOPLIST_KEY_UISupportedInterfaceOrientations = UIInterfaceOrientationPortrait;
				INFOPLIST_KEY_UISupportedInterfaceOrientations_iPad = "UIInterfaceOrientationLandscapeLeft UIInterfaceOrientationLandscapeRight UIInterfaceOrientationPortrait UIInterfaceOrientationPortraitUpsideDown";
				IPHONEOS_DEPLOYMENT_TARGET = 15.0;
				LD_RUNPATH_SEARCH_PATHS = (
					"$(inherited)",
					"@executable_path/Frameworks",
				);
				MARKETING_VERSION = 1.0;
				PRODUCT_BUNDLE_IDENTIFIER = reciplease;
				PRODUCT_NAME = "$(TARGET_NAME)";
				PROVISIONING_PROFILE_SPECIFIER = "";
				SUPPORTED_PLATFORMS = "iphoneos iphonesimulator";
				SUPPORTS_MACCATALYST = NO;
				SUPPORTS_MAC_DESIGNED_FOR_IPHONE_IPAD = NO;
				SWIFT_EMIT_LOC_STRINGS = YES;
				SWIFT_VERSION = 5.0;
				TARGETED_DEVICE_FAMILY = 1;
			};
			name = Release;
		};
/* End XCBuildConfiguration section */

/* Begin XCConfigurationList section */
		545ECFCD297560AA00061E50 /* Build configuration list for PBXNativeTarget "RecipleaseTests" */ = {
			isa = XCConfigurationList;
			buildConfigurations = (
				545ECFCB297560AA00061E50 /* Debug */,
				545ECFCC297560AA00061E50 /* Release */,
			);
			defaultConfigurationIsVisible = 0;
			defaultConfigurationName = Release;
		};
		54BDE19E292ADA9A0014F7F2 /* Build configuration list for PBXProject "Reciplease" */ = {
			isa = XCConfigurationList;
			buildConfigurations = (
				54BDE1B8292ADA9B0014F7F2 /* Debug */,
				54BDE1B9292ADA9B0014F7F2 /* Release */,
			);
			defaultConfigurationIsVisible = 0;
			defaultConfigurationName = Release;
		};
		54BDE1BA292ADA9B0014F7F2 /* Build configuration list for PBXNativeTarget "Reciplease" */ = {
			isa = XCConfigurationList;
			buildConfigurations = (
				54BDE1BB292ADA9B0014F7F2 /* Debug */,
				54BDE1BC292ADA9B0014F7F2 /* Release */,
			);
			defaultConfigurationIsVisible = 0;
			defaultConfigurationName = Release;
		};
/* End XCConfigurationList section */

/* Begin XCVersionGroup section */
		54B746AF295F323C0056F4E9 /* Reciplease.xcdatamodeld */ = {
			isa = XCVersionGroup;
			children = (
				54B746B0295F323C0056F4E9 /* Reciplease.xcdatamodel */,
			);
			currentVersion = 54B746B0295F323C0056F4E9 /* Reciplease.xcdatamodel */;
			path = Reciplease.xcdatamodeld;
			sourceTree = "<group>";
			versionGroupType = wrapper.xcdatamodel;
		};
/* End XCVersionGroup section */
	};
	rootObject = 54BDE19B292ADA9A0014F7F2 /* Project object */;
}
